
Microsoft Visual Studio Solution File, Format Version 12.00
Project("{FAE04EC0-301F-11D3-BF4B-00C04F79EFBC}") = "LookUp.WebAPI", "LookUp.WebAPI\LookUp.WebAPI.csproj", "{C8A124A4-4573-4480-98FC-2A2F40514D2C}"
EndProject
Project("{FAE04EC0-301F-11D3-BF4B-00C04F79EFBC}") = "LookUp.Application", "LookUp.Application\LookUp.Application.csproj", "{EA189981-0286-4A91-9B71-EE5CAEF520C1}"
EndProject
Project("{FAE04EC0-301F-11D3-BF4B-00C04F79EFBC}") = "LookUp.Domain", "LookUp.Domain\LookUp.Domain.csproj", "{1E12A371-8E63-4EE2-A2DD-B9AE936E9577}"
EndProject
Project("{FAE04EC0-301F-11D3-BF4B-00C04F79EFBC}") = "LookUp.Persistence", "LookUp.Persistence\LookUp.Persistence.csproj", "{154A9F88-AFAE-49C8-AE32-DCCFE453D6B7}"
EndProject
Project("{FAE04EC0-301F-11D3-BF4B-00C04F79EFBC}") = "LookUp.UnitTest", "LookUp.UnitTest\LookUp.UnitTest.csproj", "{1F95343E-9E1E-4FE1-BDF5-92B472B1BEB5}"
EndProject
Global
	GlobalSection(SolutionConfigurationPlatforms) = preSolution
		Debug|Any CPU = Debug|Any CPU
		Release|Any CPU = Release|Any CPU
	EndGlobalSection
	GlobalSection(ProjectConfigurationPlatforms) = postSolution
		{C8A124A4-4573-4480-98FC-2A2F40514D2C}.Debug|Any CPU.ActiveCfg = Debug|Any CPU
		{C8A124A4-4573-4480-98FC-2A2F40514D2C}.Debug|Any CPU.Build.0 = Debug|Any CPU
		{C8A124A4-4573-4480-98FC-2A2F40514D2C}.Release|Any CPU.ActiveCfg = Release|Any CPU
		{C8A124A4-4573-4480-98FC-2A2F40514D2C}.Release|Any CPU.Build.0 = Release|Any CPU
		{EA189981-0286-4A91-9B71-EE5CAEF520C1}.Debug|Any CPU.ActiveCfg = Debug|Any CPU
		{EA189981-0286-4A91-9B71-EE5CAEF520C1}.Debug|Any CPU.Build.0 = Debug|Any CPU
		{EA189981-0286-4A91-9B71-EE5CAEF520C1}.Release|Any CPU.ActiveCfg = Release|Any CPU
		{EA189981-0286-4A91-9B71-EE5CAEF520C1}.Release|Any CPU.Build.0 = Release|Any CPU
		{1E12A371-8E63-4EE2-A2DD-B9AE936E9577}.Debug|Any CPU.ActiveCfg = Debug|Any CPU
		{1E12A371-8E63-4EE2-A2DD-B9AE936E9577}.Debug|Any CPU.Build.0 = Debug|Any CPU
		{1E12A371-8E63-4EE2-A2DD-B9AE936E9577}.Release|Any CPU.ActiveCfg = Release|Any CPU
		{1E12A371-8E63-4EE2-A2DD-B9AE936E9577}.Release|Any CPU.Build.0 = Release|Any CPU
		{154A9F88-AFAE-49C8-AE32-DCCFE453D6B7}.Debug|Any CPU.ActiveCfg = Debug|Any CPU
		{154A9F88-AFAE-49C8-AE32-DCCFE453D6B7}.Debug|Any CPU.Build.0 = Debug|Any CPU
		{154A9F88-AFAE-49C8-AE32-DCCFE453D6B7}.Release|Any CPU.ActiveCfg = Release|Any CPU
		{154A9F88-AFAE-49C8-AE32-DCCFE453D6B7}.Release|Any CPU.Build.0 = Release|Any CPU
		{1F95343E-9E1E-4FE1-BDF5-92B472B1BEB5}.Debug|Any CPU.ActiveCfg = Debug|Any CPU
		{1F95343E-9E1E-4FE1-BDF5-92B472B1BEB5}.Debug|Any CPU.Build.0 = Debug|Any CPU
		{1F95343E-9E1E-4FE1-BDF5-92B472B1BEB5}.Release|Any CPU.ActiveCfg = Release|Any CPU
		{1F95343E-9E1E-4FE1-BDF5-92B472B1BEB5}.Release|Any CPU.Build.0 = Release|Any CPU
	EndGlobalSection
EndGlobal
