
Microsoft Visual Studio Solution File, Format Version 12.00
Project("{2150E333-8FDC-42A3-9474-1A3956D46DE8}") = "Core", "Core", "{BEB51033-A228-40A6-881D-82B8761532C7}"
EndProject
Project("{2150E333-8FDC-42A3-9474-1A3956D46DE8}") = "Infrastructure", "Infrastructure", "{3A6E16DB-DD77-44D3-B580-C4EBA383B821}"
EndProject
Project("{FAE04EC0-301F-11D3-BF4B-00C04F79EFBC}") = "LookUp.Domain", "LookUp.Domain\LookUp.Domain.csproj", "{7FB23FA7-55FE-4BD9-B943-C3077B36ED72}"
EndProject
Project("{FAE04EC0-301F-11D3-BF4B-00C04F79EFBC}") = "LookUp.Application", "LookUp.Application\LookUp.Application.csproj", "{3353FE19-70A0-43FB-AC25-072BC7139744}"
EndProject
Project("{FAE04EC0-301F-11D3-BF4B-00C04F79EFBC}") = "LookUp.Persistence", "LookUp.Persistence\LookUp.Persistence.csproj", "{D67F2300-E592-436F-83F8-F14EEADC5D1E}"
EndProject
Project("{2150E333-8FDC-42A3-9474-1A3956D46DE8}") = "Presentation", "Presentation", "{106F3331-6B2B-449E-BF32-3B0C3759C2F0}"
EndProject
Project("{FAE04EC0-301F-11D3-BF4B-00C04F79EFBC}") = "LookUp.WebAPI", "LookUp.WebAPI\LookUp.WebAPI.csproj", "{5B7DE72F-083E-491F-9E60-05ED98CA7E33}"
EndProject
Project("{2150E333-8FDC-42A3-9474-1A3956D46DE8}") = "Test", "Test", "{B10ABD8B-C6C9-4181-929E-1FE49BB4A0F2}"
EndProject
Project("{FAE04EC0-301F-11D3-BF4B-00C04F79EFBC}") = "LookUp.UnitTest", "LookUp.UnitTest\LookUp.UnitTest.csproj", "{9B233CE5-6789-49A3-9B16-F9A4E7F6E076}"
EndProject
Global
	GlobalSection(SolutionConfigurationPlatforms) = preSolution
		Debug|Any CPU = Debug|Any CPU
		Release|Any CPU = Release|Any CPU
	EndGlobalSection
	GlobalSection(ProjectConfigurationPlatforms) = postSolution
		{7FB23FA7-55FE-4BD9-B943-C3077B36ED72}.Debug|Any CPU.ActiveCfg = Debug|Any CPU
		{7FB23FA7-55FE-4BD9-B943-C3077B36ED72}.Debug|Any CPU.Build.0 = Debug|Any CPU
		{7FB23FA7-55FE-4BD9-B943-C3077B36ED72}.Release|Any CPU.ActiveCfg = Release|Any CPU
		{7FB23FA7-55FE-4BD9-B943-C3077B36ED72}.Release|Any CPU.Build.0 = Release|Any CPU
		{3353FE19-70A0-43FB-AC25-072BC7139744}.Debug|Any CPU.ActiveCfg = Debug|Any CPU
		{3353FE19-70A0-43FB-AC25-072BC7139744}.Debug|Any CPU.Build.0 = Debug|Any CPU
		{3353FE19-70A0-43FB-AC25-072BC7139744}.Release|Any CPU.ActiveCfg = Release|Any CPU
		{3353FE19-70A0-43FB-AC25-072BC7139744}.Release|Any CPU.Build.0 = Release|Any CPU
		{D67F2300-E592-436F-83F8-F14EEADC5D1E}.Debug|Any CPU.ActiveCfg = Debug|Any CPU
		{D67F2300-E592-436F-83F8-F14EEADC5D1E}.Debug|Any CPU.Build.0 = Debug|Any CPU
		{D67F2300-E592-436F-83F8-F14EEADC5D1E}.Release|Any CPU.ActiveCfg = Release|Any CPU
		{D67F2300-E592-436F-83F8-F14EEADC5D1E}.Release|Any CPU.Build.0 = Release|Any CPU
		{5B7DE72F-083E-491F-9E60-05ED98CA7E33}.Debug|Any CPU.ActiveCfg = Debug|Any CPU
		{5B7DE72F-083E-491F-9E60-05ED98CA7E33}.Debug|Any CPU.Build.0 = Debug|Any CPU
		{5B7DE72F-083E-491F-9E60-05ED98CA7E33}.Release|Any CPU.ActiveCfg = Release|Any CPU
		{5B7DE72F-083E-491F-9E60-05ED98CA7E33}.Release|Any CPU.Build.0 = Release|Any CPU
		{9B233CE5-6789-49A3-9B16-F9A4E7F6E076}.Debug|Any CPU.ActiveCfg = Debug|Any CPU
		{9B233CE5-6789-49A3-9B16-F9A4E7F6E076}.Debug|Any CPU.Build.0 = Debug|Any CPU
		{9B233CE5-6789-49A3-9B16-F9A4E7F6E076}.Release|Any CPU.ActiveCfg = Release|Any CPU
		{9B233CE5-6789-49A3-9B16-F9A4E7F6E076}.Release|Any CPU.Build.0 = Release|Any CPU
	EndGlobalSection
	GlobalSection(NestedProjects) = preSolution
		{7FB23FA7-55FE-4BD9-B943-C3077B36ED72} = {BEB51033-A228-40A6-881D-82B8761532C7}
		{3353FE19-70A0-43FB-AC25-072BC7139744} = {BEB51033-A228-40A6-881D-82B8761532C7}
		{D67F2300-E592-436F-83F8-F14EEADC5D1E} = {3A6E16DB-DD77-44D3-B580-C4EBA383B821}
		{5B7DE72F-083E-491F-9E60-05ED98CA7E33} = {106F3331-6B2B-449E-BF32-3B0C3759C2F0}
		{9B233CE5-6789-49A3-9B16-F9A4E7F6E076} = {B10ABD8B-C6C9-4181-929E-1FE49BB4A0F2}
	EndGlobalSection
EndGlobal
